
Microsoft Visual Studio Solution File, Format Version 12.00
# Visual Studio Version 16
VisualStudioVersion = 16.0.30517.126
MinimumVisualStudioVersion = 10.0.40219.1
Project("{9A19103F-16F7-4668-BE54-9A1E7A4F7556}") = "MarsRoverProj", "MarsRoverProj\MarsRoverProj.csproj", "{C2D87758-F176-4A4F-9DE5-05DF6AF0EE86}"
EndProject
Project("{FAE04EC0-301F-11D3-BF4B-00C04F79EFBC}") = "MarsRoverTestProj", "MarsRoverTestProj\MarsRoverTestProj.csproj", "{D879D678-69E8-4FEC-B95E-C7F4CC6FBEF9}"
EndProject
Global
	GlobalSection(SolutionConfigurationPlatforms) = preSolution
		Debug|Any CPU = Debug|Any CPU
		Release|Any CPU = Release|Any CPU
	EndGlobalSection
	GlobalSection(ProjectConfigurationPlatforms) = postSolution
		{C2D87758-F176-4A4F-9DE5-05DF6AF0EE86}.Debug|Any CPU.ActiveCfg = Debug|Any CPU
		{C2D87758-F176-4A4F-9DE5-05DF6AF0EE86}.Debug|Any CPU.Build.0 = Debug|Any CPU
		{C2D87758-F176-4A4F-9DE5-05DF6AF0EE86}.Release|Any CPU.ActiveCfg = Release|Any CPU
		{C2D87758-F176-4A4F-9DE5-05DF6AF0EE86}.Release|Any CPU.Build.0 = Release|Any CPU
		{D879D678-69E8-4FEC-B95E-C7F4CC6FBEF9}.Debug|Any CPU.ActiveCfg = Debug|Any CPU
		{D879D678-69E8-4FEC-B95E-C7F4CC6FBEF9}.Debug|Any CPU.Build.0 = Debug|Any CPU
		{D879D678-69E8-4FEC-B95E-C7F4CC6FBEF9}.Release|Any CPU.ActiveCfg = Release|Any CPU
		{D879D678-69E8-4FEC-B95E-C7F4CC6FBEF9}.Release|Any CPU.Build.0 = Release|Any CPU
	EndGlobalSection
	GlobalSection(SolutionProperties) = preSolution
		HideSolutionNode = FALSE
	EndGlobalSection
	GlobalSection(ExtensibilityGlobals) = postSolution
		SolutionGuid = {425C4AE3-6CF8-4284-B88E-043D53B21F06}
	EndGlobalSection
EndGlobal
